
Microsoft Visual Studio Solution File, Format Version 12.00
# Visual Studio Version 17
VisualStudioVersion = 17.4.33205.214
MinimumVisualStudioVersion = 10.0.40219.1
Project("{FAE04EC0-301F-11D3-BF4B-00C04F79EFBC}") = "IfElseStatements1_11_23", "IfElseStatements1_11_23.csproj", "{1ED28466-0BC4-4EFE-BB3A-0FAB71A8D83E}"
EndProject
Global
	GlobalSection(SolutionConfigurationPlatforms) = preSolution
		Debug|Any CPU = Debug|Any CPU
		Release|Any CPU = Release|Any CPU
	EndGlobalSection
	GlobalSection(ProjectConfigurationPlatforms) = postSolution
		{1ED28466-0BC4-4EFE-BB3A-0FAB71A8D83E}.Debug|Any CPU.ActiveCfg = Debug|Any CPU
		{1ED28466-0BC4-4EFE-BB3A-0FAB71A8D83E}.Debug|Any CPU.Build.0 = Debug|Any CPU
		{1ED28466-0BC4-4EFE-BB3A-0FAB71A8D83E}.Release|Any CPU.ActiveCfg = Release|Any CPU
		{1ED28466-0BC4-4EFE-BB3A-0FAB71A8D83E}.Release|Any CPU.Build.0 = Release|Any CPU
	EndGlobalSection
	GlobalSection(SolutionProperties) = preSolution
		HideSolutionNode = FALSE
	EndGlobalSection
	GlobalSection(ExtensibilityGlobals) = postSolution
		SolutionGuid = {3DB0B4EA-D339-478A-ACEB-A8ED5B4B9A11}
	EndGlobalSection
EndGlobal
